<?xml version="1.0" encoding="utf-8"?>
<Project ToolsVersion="4.0" xmlns="http://schemas.microsoft.com/developer/msbuild/2003">
  <ItemGroup>
    <Filter Include="Pliki źródłowe">
      <UniqueIdentifier>{4FC737F1-C7A5-4376-A066-2A32D752A2FF}</UniqueIdentifier>
      <Extensions>cpp;c;cc;cxx;c++;cppm;ixx;def;odl;idl;hpj;bat;asm;asmx</Extensions>
    </Filter>
    <Filter Include="Pliki nagłówkowe">
      <UniqueIdentifier>{93995380-89BD-4b04-88EB-625FBE52EBFB}</UniqueIdentifier>
      <Extensions>h;hh;hpp;hxx;h++;hm;inl;inc;ipp;xsd</Extensions>
    </Filter>
    <Filter Include="Pliki zasobów">
      <UniqueIdentifier>{67DA6AB6-F800-4c08-8B7A-83BB121AAD01}</UniqueIdentifier>
      <Extensions>rc;ico;cur;bmp;dlg;rc2;rct;bin;rgs;gif;jpg;jpeg;jpe;resx;tiff;tif;png;wav;mfcribbon-ms</Extensions>
    </Filter>
  </ItemGroup>
  <ItemGroup>
    <ClInclude Include="headers\app.h">
      <Filter>Pliki nagłówkowe</Filter>
    </ClInclude>
    <ClInclude Include="headers\exercise.h">
      <Filter>Pliki nagłówkowe</Filter>
    </ClInclude>
    <ClInclude Include="headers\status.h">
      <Filter>Pliki nagłówkowe</Filter>
    </ClInclude>
    <ClInclude Include="headers\user.h">
      <Filter>Pliki nagłówkowe</Filter>
    </ClInclude>
  </ItemGroup>
  <ItemGroup>
    <ClCompile Include="code\app.cpp">
      <Filter>Pliki źródłowe</Filter>
    </ClCompile>
    <ClCompile Include="code\exercise.cpp">
      <Filter>Pliki źródłowe</Filter>
    </ClCompile>
    <ClCompile Include="code\main.cpp">
      <Filter>Pliki źródłowe</Filter>
    </ClCompile>
    <ClCompile Include="code\status.cpp">
      <Filter>Pliki źródłowe</Filter>
    </ClCompile>
    <ClCompile Include="code\user.cpp">
      <Filter>Pliki źródłowe</Filter>
    </ClCompile>
  </ItemGroup>
  <ItemGroup>
    <Text Include="source\user.txt">
      <Filter>Pliki źródłowe</Filter>
    </Text>
    <Text Include="source\exercise_1.txt" />
    <Text Include="source\exercise_2.txt" />
    <Text Include="source\exercise_3.txt" />
    <Text Include="source\exercise_4.txt" />
    <Text Include="source\exercise_5.txt" />
    <Text Include="source\exercise_6.txt" />
    <Text Include="source\exercise_7.txt" />
    <Text Include="source\exercise_8.txt" />
    <Text Include="source\exercise_9.txt" />
    <Text Include="source\exercise_10.txt" />
    <Text Include="source\exercise_11.txt" />
    <Text Include="source\exercise_12.txt" />
    <Text Include="source\exercise_13.txt" />
    <Text Include="source\exercise_14.txt" />
    <Text Include="source\exercise_15.txt" />
    <Text Include="source\exercise_16.txt" />
    <Text Include="source\exercise_17.txt" />
    <Text Include="source\exercise_18.txt" />
    <Text Include="source\exercise_19.txt" />
    <Text Include="source\exercise_20.txt" />
    <Text Include="source\exercise_21.txt" />
    <Text Include="source\exercise_22.txt" />
    <Text Include="source\exercise_23.txt" />
    <Text Include="source\exercise_24.txt" />
    <Text Include="source\exercise_25.txt" />
    <Text Include="source\exercise_26.txt" />
    <Text Include="source\exercise_27.txt" />
    <Text Include="source\exercise_28.txt" />
    <Text Include="source\exercise_29.txt" />
    <Text Include="source\exercise_30.txt" />
    <Text Include="source\exercise_31.txt" />
    <Text Include="source\exercise_32.txt" />
    <Text Include="source\exercise_33.txt" />
    <Text Include="source\exercise_34.txt" />
    <Text Include="source\exercise_35.txt" />
    <Text Include="source\exercise_36.txt" />
    <Text Include="source\exercise_37.txt" />
    <Text Include="source\exercise_38.txt" />
    <Text Include="source\exercise_39.txt" />
    <Text Include="source\exercise_40.txt" />
    <Text Include="source\exercise_41.txt" />
    <Text Include="source\exercise_42.txt" />
    <Text Include="source\exercise_43.txt" />
    <Text Include="source\exercise_44.txt" />
    <Text Include="source\exercise_45.txt" />
    <Text Include="source\exercise_46.txt" />
    <Text Include="source\exercise_47.txt" />
    <Text Include="source\exercise_48.txt" />
    <Text Include="source\exercise_49.txt" />
    <Text Include="source\exercise_50.txt" />
    <Text Include="source\exercise_51.txt" />
    <Text Include="source\exercise_52.txt" />
  </ItemGroup>
</Project>